
Microsoft Visual Studio Solution File, Format Version 12.00
# Visual Studio Version 17
VisualStudioVersion = 17.6.33723.286
MinimumVisualStudioVersion = 10.0.40219.1
Project("{FAE04EC0-301F-11D3-BF4B-00C04F79EFBC}") = "Design Patterns", "Design Patterns.csproj", "{6D64F78A-3543-4660-B3C7-8F55EAB2173F}"
EndProject
Global
	GlobalSection(SolutionConfigurationPlatforms) = preSolution
		Debug|Any CPU = Debug|Any CPU
		Release|Any CPU = Release|Any CPU
	EndGlobalSection
	GlobalSection(ProjectConfigurationPlatforms) = postSolution
		{6D64F78A-3543-4660-B3C7-8F55EAB2173F}.Debug|Any CPU.ActiveCfg = Debug|Any CPU
		{6D64F78A-3543-4660-B3C7-8F55EAB2173F}.Debug|Any CPU.Build.0 = Debug|Any CPU
		{6D64F78A-3543-4660-B3C7-8F55EAB2173F}.Release|Any CPU.ActiveCfg = Release|Any CPU
		{6D64F78A-3543-4660-B3C7-8F55EAB2173F}.Release|Any CPU.Build.0 = Release|Any CPU
	EndGlobalSection
	GlobalSection(SolutionProperties) = preSolution
		HideSolutionNode = FALSE
	EndGlobalSection
	GlobalSection(ExtensibilityGlobals) = postSolution
		SolutionGuid = {3B7F1940-FAD9-4FDB-9BBD-ED2260AD9F40}
	EndGlobalSection
EndGlobal
